
Microsoft Visual Studio Solution File, Format Version 12.00
# Visual Studio Version 17
VisualStudioVersion = 17.6.33712.159
MinimumVisualStudioVersion = 10.0.40219.1
Project("{FAE04EC0-301F-11D3-BF4B-00C04F79EFBC}") = "Calculator_testing", "Calculator_testing.csproj", "{807ADE92-3368-445F-BA34-4CE5A167F506}"
EndProject
Global
	GlobalSection(SolutionConfigurationPlatforms) = preSolution
		Debug|Any CPU = Debug|Any CPU
		Release|Any CPU = Release|Any CPU
	EndGlobalSection
	GlobalSection(ProjectConfigurationPlatforms) = postSolution
		{807ADE92-3368-445F-BA34-4CE5A167F506}.Debug|Any CPU.ActiveCfg = Debug|Any CPU
		{807ADE92-3368-445F-BA34-4CE5A167F506}.Debug|Any CPU.Build.0 = Debug|Any CPU
		{807ADE92-3368-445F-BA34-4CE5A167F506}.Release|Any CPU.ActiveCfg = Release|Any CPU
		{807ADE92-3368-445F-BA34-4CE5A167F506}.Release|Any CPU.Build.0 = Release|Any CPU
	EndGlobalSection
	GlobalSection(SolutionProperties) = preSolution
		HideSolutionNode = FALSE
	EndGlobalSection
	GlobalSection(ExtensibilityGlobals) = postSolution
		SolutionGuid = {9D4089D6-1F04-4CD5-86FF-066DF1CD3DA3}
	EndGlobalSection
EndGlobal
